// !$*UTF8*$!
{
	archiveVersion = 1;
	classes = {
	};
	objectVersion = 50;
	objects = {

/* Begin PBXBuildFile section */
		B75DB03221FAAC94006FDB86 /* MixFileNameStrategy.m in Sources */ = {isa = PBXBuildFile; fileRef = B75DB02E21FAAC94006FDB86 /* MixFileNameStrategy.m */; };
		B75DB03321FAAC94006FDB86 /* MixFileNameModifyJsonInfo.m in Sources */ = {isa = PBXBuildFile; fileRef = B75DB02F21FAAC94006FDB86 /* MixFileNameModifyJsonInfo.m */; };
		B75DB03721FAAF90006FDB86 /* MixConfig.m in Sources */ = {isa = PBXBuildFile; fileRef = B75DB03621FAAF90006FDB86 /* MixConfig.m */; };
		B75DB03A21FAE547006FDB86 /* MixJudgeStrategy.m in Sources */ = {isa = PBXBuildFile; fileRef = B75DB03921FAE547006FDB86 /* MixJudgeStrategy.m */; };
		B75DB03D21FB1CFA006FDB86 /* MixDataStrategy.m in Sources */ = {isa = PBXBuildFile; fileRef = B75DB03C21FB1CFA006FDB86 /* MixDataStrategy.m */; };
		B75DB11B21FC4114006FDB86 /* MixProtocol.m in Sources */ = {isa = PBXBuildFile; fileRef = B75DB11A21FC4114006FDB86 /* MixProtocol.m */; };
		B78CED2221FAA09E00811586 /* main.m in Sources */ = {isa = PBXBuildFile; fileRef = B78CED2121FAA09E00811586 /* main.m */; };
		B78CED4821FAA0A700811586 /* MixMethod.m in Sources */ = {isa = PBXBuildFile; fileRef = B78CED2B21FAA0A600811586 /* MixMethod.m */; };
		B78CED4921FAA0A700811586 /* MixClassFile.m in Sources */ = {isa = PBXBuildFile; fileRef = B78CED2C21FAA0A600811586 /* MixClassFile.m */; };
		B78CED4A21FAA0A700811586 /* MixClass.m in Sources */ = {isa = PBXBuildFile; fileRef = B78CED2D21FAA0A600811586 /* MixClass.m */; };
		B78CED4B21FAA0A700811586 /* MixObject.m in Sources */ = {isa = PBXBuildFile; fileRef = B78CED2F21FAA0A600811586 /* MixObject.m */; };
		B78CED4C21FAA0A700811586 /* MixFile.m in Sources */ = {isa = PBXBuildFile; fileRef = B78CED3021FAA0A600811586 /* MixFile.m */; };
		B78CED4E21FAA0A700811586 /* MixStringStrategy.m in Sources */ = {isa = PBXBuildFile; fileRef = B78CED3621FAA0A600811586 /* MixStringStrategy.m */; };
		B78CED4F21FAA0A700811586 /* MixClassStrategy.m in Sources */ = {isa = PBXBuildFile; fileRef = B78CED3821FAA0A600811586 /* MixClassStrategy.m */; };
		B78CED5021FAA0A700811586 /* MixMethodStrategy.m in Sources */ = {isa = PBXBuildFile; fileRef = B78CED3921FAA0A700811586 /* MixMethodStrategy.m */; };
		B78CED5121FAA0A700811586 /* MixMainStrategy.m in Sources */ = {isa = PBXBuildFile; fileRef = B78CED3B21FAA0A700811586 /* MixMainStrategy.m */; };
		B78CED5321FAA0A700811586 /* MixFileStrategy.m in Sources */ = {isa = PBXBuildFile; fileRef = B78CED4121FAA0A700811586 /* MixFileStrategy.m */; };
		B78CED5421FAA0A700811586 /* MixClassFileStrategy.m in Sources */ = {isa = PBXBuildFile; fileRef = B78CED4321FAA0A700811586 /* MixClassFileStrategy.m */; };
		B78CED5521FAA0A700811586 /* MixReferenceStrategy.m in Sources */ = {isa = PBXBuildFile; fileRef = B78CED4521FAA0A700811586 /* MixReferenceStrategy.m */; };
		B78CED5621FAA0A700811586 /* MixObjectStrategy.m in Sources */ = {isa = PBXBuildFile; fileRef = B78CED4621FAA0A700811586 /* MixObjectStrategy.m */; };
		B790C95321FED1A20091AA4F /* MixCategoryStrategy.m in Sources */ = {isa = PBXBuildFile; fileRef = B790C95221FED1A20091AA4F /* MixCategoryStrategy.m */; };
/* End PBXBuildFile section */

/* Begin PBXCopyFilesBuildPhase section */
		B78CED1C21FAA09E00811586 /* CopyFiles */ = {
			isa = PBXCopyFilesBuildPhase;
			buildActionMask = 2147483647;
			dstPath = /usr/share/man/man1/;
			dstSubfolderSpec = 0;
			files = (
			);
			runOnlyForDeploymentPostprocessing = 1;
		};
/* End PBXCopyFilesBuildPhase section */

/* Begin PBXFileReference section */
		B75DB02D21FAAC94006FDB86 /* MixFileNameModifyJsonInfo.h */ = {isa = PBXFileReference; fileEncoding = 4; lastKnownFileType = sourcecode.c.h; path = MixFileNameModifyJsonInfo.h; sourceTree = "<group>"; };
		B75DB02E21FAAC94006FDB86 /* MixFileNameStrategy.m */ = {isa = PBXFileReference; fileEncoding = 4; lastKnownFileType = sourcecode.c.objc; path = MixFileNameStrategy.m; sourceTree = "<group>"; };
		B75DB02F21FAAC94006FDB86 /* MixFileNameModifyJsonInfo.m */ = {isa = PBXFileReference; fileEncoding = 4; lastKnownFileType = sourcecode.c.objc; path = MixFileNameModifyJsonInfo.m; sourceTree = "<group>"; };
		B75DB03021FAAC94006FDB86 /* MixFileNameStrategy.h */ = {isa = PBXFileReference; fileEncoding = 4; lastKnownFileType = sourcecode.c.h; path = MixFileNameStrategy.h; sourceTree = "<group>"; };
		B75DB03521FAAF90006FDB86 /* MixConfig.h */ = {isa = PBXFileReference; lastKnownFileType = sourcecode.c.h; path = MixConfig.h; sourceTree = "<group>"; };
		B75DB03621FAAF90006FDB86 /* MixConfig.m */ = {isa = PBXFileReference; lastKnownFileType = sourcecode.c.objc; path = MixConfig.m; sourceTree = "<group>"; };
		B75DB03821FAE546006FDB86 /* MixJudgeStrategy.h */ = {isa = PBXFileReference; fileEncoding = 4; lastKnownFileType = sourcecode.c.h; path = MixJudgeStrategy.h; sourceTree = "<group>"; };
		B75DB03921FAE547006FDB86 /* MixJudgeStrategy.m */ = {isa = PBXFileReference; fileEncoding = 4; lastKnownFileType = sourcecode.c.objc; path = MixJudgeStrategy.m; sourceTree = "<group>"; };
		B75DB03B21FB1CFA006FDB86 /* MixDataStrategy.h */ = {isa = PBXFileReference; lastKnownFileType = sourcecode.c.h; path = MixDataStrategy.h; sourceTree = "<group>"; };
		B75DB03C21FB1CFA006FDB86 /* MixDataStrategy.m */ = {isa = PBXFileReference; lastKnownFileType = sourcecode.c.objc; path = MixDataStrategy.m; sourceTree = "<group>"; };
		B75DB11921FC4114006FDB86 /* MixProtocol.h */ = {isa = PBXFileReference; lastKnownFileType = sourcecode.c.h; path = MixProtocol.h; sourceTree = "<group>"; };
		B75DB11A21FC4114006FDB86 /* MixProtocol.m */ = {isa = PBXFileReference; lastKnownFileType = sourcecode.c.objc; path = MixProtocol.m; sourceTree = "<group>"; };
		B78CED1E21FAA09E00811586 /* CJMix */ = {isa = PBXFileReference; explicitFileType = "compiled.mach-o.executable"; includeInIndex = 0; path = CJMix; sourceTree = BUILT_PRODUCTS_DIR; };
		B78CED2121FAA09E00811586 /* main.m */ = {isa = PBXFileReference; lastKnownFileType = sourcecode.c.objc; path = main.m; sourceTree = "<group>"; };
		B78CED2921FAA0A600811586 /* MixObject.h */ = {isa = PBXFileReference; fileEncoding = 4; lastKnownFileType = sourcecode.c.h; path = MixObject.h; sourceTree = "<group>"; };
		B78CED2B21FAA0A600811586 /* MixMethod.m */ = {isa = PBXFileReference; fileEncoding = 4; lastKnownFileType = sourcecode.c.objc; path = MixMethod.m; sourceTree = "<group>"; };
		B78CED2C21FAA0A600811586 /* MixClassFile.m */ = {isa = PBXFileReference; fileEncoding = 4; lastKnownFileType = sourcecode.c.objc; path = MixClassFile.m; sourceTree = "<group>"; };
		B78CED2D21FAA0A600811586 /* MixClass.m */ = {isa = PBXFileReference; fileEncoding = 4; lastKnownFileType = sourcecode.c.objc; path = MixClass.m; sourceTree = "<group>"; };
		B78CED2E21FAA0A600811586 /* MixFile.h */ = {isa = PBXFileReference; fileEncoding = 4; lastKnownFileType = sourcecode.c.h; path = MixFile.h; sourceTree = "<group>"; };
		B78CED2F21FAA0A600811586 /* MixObject.m */ = {isa = PBXFileReference; fileEncoding = 4; lastKnownFileType = sourcecode.c.objc; path = MixObject.m; sourceTree = "<group>"; };
		B78CED3021FAA0A600811586 /* MixFile.m */ = {isa = PBXFileReference; fileEncoding = 4; lastKnownFileType = sourcecode.c.objc; path = MixFile.m; sourceTree = "<group>"; };
		B78CED3121FAA0A600811586 /* MixClass.h */ = {isa = PBXFileReference; fileEncoding = 4; lastKnownFileType = sourcecode.c.h; path = MixClass.h; sourceTree = "<group>"; };
		B78CED3221FAA0A600811586 /* MixClassFile.h */ = {isa = PBXFileReference; fileEncoding = 4; lastKnownFileType = sourcecode.c.h; path = MixClassFile.h; sourceTree = "<group>"; };
		B78CED3321FAA0A600811586 /* MixMethod.h */ = {isa = PBXFileReference; fileEncoding = 4; lastKnownFileType = sourcecode.c.h; path = MixMethod.h; sourceTree = "<group>"; };
		B78CED3621FAA0A600811586 /* MixStringStrategy.m */ = {isa = PBXFileReference; fileEncoding = 4; lastKnownFileType = sourcecode.c.objc; path = MixStringStrategy.m; sourceTree = "<group>"; };
		B78CED3721FAA0A600811586 /* MixFileStrategy.h */ = {isa = PBXFileReference; fileEncoding = 4; lastKnownFileType = sourcecode.c.h; path = MixFileStrategy.h; sourceTree = "<group>"; };
		B78CED3821FAA0A600811586 /* MixClassStrategy.m */ = {isa = PBXFileReference; fileEncoding = 4; lastKnownFileType = sourcecode.c.objc; path = MixClassStrategy.m; sourceTree = "<group>"; };
		B78CED3921FAA0A700811586 /* MixMethodStrategy.m */ = {isa = PBXFileReference; fileEncoding = 4; lastKnownFileType = sourcecode.c.objc; path = MixMethodStrategy.m; sourceTree = "<group>"; };
		B78CED3A21FAA0A700811586 /* MixClassFileStrategy.h */ = {isa = PBXFileReference; fileEncoding = 4; lastKnownFileType = sourcecode.c.h; path = MixClassFileStrategy.h; sourceTree = "<group>"; };
		B78CED3B21FAA0A700811586 /* MixMainStrategy.m */ = {isa = PBXFileReference; fileEncoding = 4; lastKnownFileType = sourcecode.c.objc; path = MixMainStrategy.m; sourceTree = "<group>"; };
		B78CED3D21FAA0A700811586 /* MixObjectStrategy.h */ = {isa = PBXFileReference; fileEncoding = 4; lastKnownFileType = sourcecode.c.h; path = MixObjectStrategy.h; sourceTree = "<group>"; };
		B78CED3E21FAA0A700811586 /* MixReferenceStrategy.h */ = {isa = PBXFileReference; fileEncoding = 4; lastKnownFileType = sourcecode.c.h; path = MixReferenceStrategy.h; sourceTree = "<group>"; };
		B78CED3F21FAA0A700811586 /* MixClassStrategy.h */ = {isa = PBXFileReference; fileEncoding = 4; lastKnownFileType = sourcecode.c.h; path = MixClassStrategy.h; sourceTree = "<group>"; };
		B78CED4021FAA0A700811586 /* MixStringStrategy.h */ = {isa = PBXFileReference; fileEncoding = 4; lastKnownFileType = sourcecode.c.h; path = MixStringStrategy.h; sourceTree = "<group>"; };
		B78CED4121FAA0A700811586 /* MixFileStrategy.m */ = {isa = PBXFileReference; fileEncoding = 4; lastKnownFileType = sourcecode.c.objc; path = MixFileStrategy.m; sourceTree = "<group>"; };
		B78CED4221FAA0A700811586 /* MixMainStrategy.h */ = {isa = PBXFileReference; fileEncoding = 4; lastKnownFileType = sourcecode.c.h; path = MixMainStrategy.h; sourceTree = "<group>"; };
		B78CED4321FAA0A700811586 /* MixClassFileStrategy.m */ = {isa = PBXFileReference; fileEncoding = 4; lastKnownFileType = sourcecode.c.objc; path = MixClassFileStrategy.m; sourceTree = "<group>"; };
		B78CED4421FAA0A700811586 /* MixMethodStrategy.h */ = {isa = PBXFileReference; fileEncoding = 4; lastKnownFileType = sourcecode.c.h; path = MixMethodStrategy.h; sourceTree = "<group>"; };
		B78CED4521FAA0A700811586 /* MixReferenceStrategy.m */ = {isa = PBXFileReference; fileEncoding = 4; lastKnownFileType = sourcecode.c.objc; path = MixReferenceStrategy.m; sourceTree = "<group>"; };
		B78CED4621FAA0A700811586 /* MixObjectStrategy.m */ = {isa = PBXFileReference; fileEncoding = 4; lastKnownFileType = sourcecode.c.objc; path = MixObjectStrategy.m; sourceTree = "<group>"; };
		B790C95121FED1A20091AA4F /* MixCategoryStrategy.h */ = {isa = PBXFileReference; lastKnownFileType = sourcecode.c.h; path = MixCategoryStrategy.h; sourceTree = "<group>"; };
		B790C95221FED1A20091AA4F /* MixCategoryStrategy.m */ = {isa = PBXFileReference; lastKnownFileType = sourcecode.c.objc; path = MixCategoryStrategy.m; sourceTree = "<group>"; };
/* End PBXFileReference section */

/* Begin PBXFrameworksBuildPhase section */
		B78CED1B21FAA09E00811586 /* Frameworks */ = {
			isa = PBXFrameworksBuildPhase;
			buildActionMask = 2147483647;
			files = (
			);
			runOnlyForDeploymentPostprocessing = 0;
		};
/* End PBXFrameworksBuildPhase section */

/* Begin PBXGroup section */
		B75DB02C21FAAC94006FDB86 /* file */ = {
			isa = PBXGroup;
			children = (
				B75DB02D21FAAC94006FDB86 /* MixFileNameModifyJsonInfo.h */,
				B75DB02F21FAAC94006FDB86 /* MixFileNameModifyJsonInfo.m */,
				B75DB03021FAAC94006FDB86 /* MixFileNameStrategy.h */,
				B75DB02E21FAAC94006FDB86 /* MixFileNameStrategy.m */,
			);
			path = file;
			sourceTree = "<group>";
		};
		B75DB03421FAAF71006FDB86 /* Config */ = {
			isa = PBXGroup;
			children = (
				B75DB03521FAAF90006FDB86 /* MixConfig.h */,
				B75DB03621FAAF90006FDB86 /* MixConfig.m */,
			);
			path = Config;
			sourceTree = "<group>";
		};
		B78CED1521FAA09E00811586 = {
			isa = PBXGroup;
			children = (
				B78CED2021FAA09E00811586 /* CJMix */,
				B78CED1F21FAA09E00811586 /* Products */,
			);
			sourceTree = "<group>";
		};
		B78CED1F21FAA09E00811586 /* Products */ = {
			isa = PBXGroup;
			children = (
				B78CED1E21FAA09E00811586 /* CJMix */,
			);
			name = Products;
			sourceTree = "<group>";
		};
		B78CED2021FAA09E00811586 /* CJMix */ = {
			isa = PBXGroup;
			children = (
				B75DB03421FAAF71006FDB86 /* Config */,
				B78CED2821FAA0A600811586 /* Model */,
				B78CED3521FAA0A600811586 /* Strategy */,
				B78CED2121FAA09E00811586 /* main.m */,
			);
			path = CJMix;
			sourceTree = "<group>";
		};
		B78CED2821FAA0A600811586 /* Model */ = {
			isa = PBXGroup;
			children = (
				B78CED2E21FAA0A600811586 /* MixFile.h */,
				B78CED3021FAA0A600811586 /* MixFile.m */,
				B78CED3221FAA0A600811586 /* MixClassFile.h */,
				B78CED2C21FAA0A600811586 /* MixClassFile.m */,
				B78CED2921FAA0A600811586 /* MixObject.h */,
				B78CED2F21FAA0A600811586 /* MixObject.m */,
				B75DB11921FC4114006FDB86 /* MixProtocol.h */,
				B75DB11A21FC4114006FDB86 /* MixProtocol.m */,
				B78CED3121FAA0A600811586 /* MixClass.h */,
				B78CED2D21FAA0A600811586 /* MixClass.m */,
				B78CED3321FAA0A600811586 /* MixMethod.h */,
				B78CED2B21FAA0A600811586 /* MixMethod.m */,
			);
			path = Model;
			sourceTree = "<group>";
		};
		B78CED3521FAA0A600811586 /* Strategy */ = {
			isa = PBXGroup;
			children = (
				B75DB02C21FAAC94006FDB86 /* file */,
				B78CED4021FAA0A700811586 /* MixStringStrategy.h */,
				B78CED3621FAA0A600811586 /* MixStringStrategy.m */,
				B790C95121FED1A20091AA4F /* MixCategoryStrategy.h */,
				B790C95221FED1A20091AA4F /* MixCategoryStrategy.m */,
				B78CED3721FAA0A600811586 /* MixFileStrategy.h */,
				B78CED4121FAA0A700811586 /* MixFileStrategy.m */,
				B75DB03821FAE546006FDB86 /* MixJudgeStrategy.h */,
				B75DB03921FAE547006FDB86 /* MixJudgeStrategy.m */,
				B78CED3A21FAA0A700811586 /* MixClassFileStrategy.h */,
				B78CED4321FAA0A700811586 /* MixClassFileStrategy.m */,
				B78CED3D21FAA0A700811586 /* MixObjectStrategy.h */,
				B78CED4621FAA0A700811586 /* MixObjectStrategy.m */,
				B78CED3F21FAA0A700811586 /* MixClassStrategy.h */,
				B78CED3821FAA0A600811586 /* MixClassStrategy.m */,
				B78CED3E21FAA0A700811586 /* MixReferenceStrategy.h */,
				B78CED4521FAA0A700811586 /* MixReferenceStrategy.m */,
				B78CED4421FAA0A700811586 /* MixMethodStrategy.h */,
				B78CED3921FAA0A700811586 /* MixMethodStrategy.m */,
				B75DB03B21FB1CFA006FDB86 /* MixDataStrategy.h */,
				B75DB03C21FB1CFA006FDB86 /* MixDataStrategy.m */,
				B78CED4221FAA0A700811586 /* MixMainStrategy.h */,
				B78CED3B21FAA0A700811586 /* MixMainStrategy.m */,
			);
			path = Strategy;
			sourceTree = "<group>";
		};
/* End PBXGroup section */

/* Begin PBXNativeTarget section */
		B78CED1D21FAA09E00811586 /* CJMix */ = {
			isa = PBXNativeTarget;
			buildConfigurationList = B78CED2521FAA09E00811586 /* Build configuration list for PBXNativeTarget "CJMix" */;
			buildPhases = (
				B78CED1A21FAA09E00811586 /* Sources */,
				B78CED1B21FAA09E00811586 /* Frameworks */,
				B78CED1C21FAA09E00811586 /* CopyFiles */,
			);
			buildRules = (
			);
			dependencies = (
			);
			name = CJMix;
			productName = CJMix;
			productReference = B78CED1E21FAA09E00811586 /* CJMix */;
			productType = "com.apple.product-type.tool";
		};
/* End PBXNativeTarget section */

/* Begin PBXProject section */
		B78CED1621FAA09E00811586 /* Project object */ = {
			isa = PBXProject;
			attributes = {
				LastUpgradeCheck = 1010;
				ORGANIZATIONNAME = Chan;
				TargetAttributes = {
					B78CED1D21FAA09E00811586 = {
						CreatedOnToolsVersion = 10.1;
					};
				};
			};
			buildConfigurationList = B78CED1921FAA09E00811586 /* Build configuration list for PBXProject "CJMix" */;
			compatibilityVersion = "Xcode 9.3";
			developmentRegion = en;
			hasScannedForEncodings = 0;
			knownRegions = (
				en,
			);
			mainGroup = B78CED1521FAA09E00811586;
			productRefGroup = B78CED1F21FAA09E00811586 /* Products */;
			projectDirPath = "";
			projectRoot = "";
			targets = (
				B78CED1D21FAA09E00811586 /* CJMix */,
			);
		};
/* End PBXProject section */

/* Begin PBXSourcesBuildPhase section */
		B78CED1A21FAA09E00811586 /* Sources */ = {
			isa = PBXSourcesBuildPhase;
			buildActionMask = 2147483647;
			files = (
				B78CED4C21FAA0A700811586 /* MixFile.m in Sources */,
				B78CED2221FAA09E00811586 /* main.m in Sources */,
				B78CED4A21FAA0A700811586 /* MixClass.m in Sources */,
				B78CED4B21FAA0A700811586 /* MixObject.m in Sources */,
				B75DB03721FAAF90006FDB86 /* MixConfig.m in Sources */,
				B75DB03221FAAC94006FDB86 /* MixFileNameStrategy.m in Sources */,
				B75DB03321FAAC94006FDB86 /* MixFileNameModifyJsonInfo.m in Sources */,
				B75DB03A21FAE547006FDB86 /* MixJudgeStrategy.m in Sources */,
				B78CED5621FAA0A700811586 /* MixObjectStrategy.m in Sources */,
				B78CED4821FAA0A700811586 /* MixMethod.m in Sources */,
				B75DB11B21FC4114006FDB86 /* MixProtocol.m in Sources */,
				B78CED4F21FAA0A700811586 /* MixClassStrategy.m in Sources */,
				B78CED4E21FAA0A700811586 /* MixStringStrategy.m in Sources */,
				B78CED5321FAA0A700811586 /* MixFileStrategy.m in Sources */,
				B78CED5421FAA0A700811586 /* MixClassFileStrategy.m in Sources */,
				B75DB03D21FB1CFA006FDB86 /* MixDataStrategy.m in Sources */,
				B78CED5521FAA0A700811586 /* MixReferenceStrategy.m in Sources */,
				B78CED5021FAA0A700811586 /* MixMethodStrategy.m in Sources */,
				B790C95321FED1A20091AA4F /* MixCategoryStrategy.m in Sources */,
				B78CED4921FAA0A700811586 /* MixClassFile.m in Sources */,
				B78CED5121FAA0A700811586 /* MixMainStrategy.m in Sources */,
			);
			runOnlyForDeploymentPostprocessing = 0;
		};
/* End PBXSourcesBuildPhase section */

/* Begin XCBuildConfiguration section */
		B78CED2321FAA09E00811586 /* Debug */ = {
			isa = XCBuildConfiguration;
			buildSettings = {
				ALWAYS_SEARCH_USER_PATHS = NO;
				CLANG_ANALYZER_NONNULL = YES;
				CLANG_ANALYZER_NUMBER_OBJECT_CONVERSION = YES_AGGRESSIVE;
				CLANG_CXX_LANGUAGE_STANDARD = "gnu++14";
				CLANG_CXX_LIBRARY = "libc++";
				CLANG_ENABLE_MODULES = YES;
				CLANG_ENABLE_OBJC_ARC = YES;
				CLANG_ENABLE_OBJC_WEAK = YES;
				CLANG_WARN_BLOCK_CAPTURE_AUTORELEASING = YES;
				CLANG_WARN_BOOL_CONVERSION = YES;
				CLANG_WARN_COMMA = YES;
				CLANG_WARN_CONSTANT_CONVERSION = YES;
				CLANG_WARN_DEPRECATED_OBJC_IMPLEMENTATIONS = YES;
				CLANG_WARN_DIRECT_OBJC_ISA_USAGE = YES_ERROR;
				CLANG_WARN_DOCUMENTATION_COMMENTS = YES;
				CLANG_WARN_EMPTY_BODY = YES;
				CLANG_WARN_ENUM_CONVERSION = YES;
				CLANG_WARN_INFINITE_RECURSION = YES;
				CLANG_WARN_INT_CONVERSION = YES;
				CLANG_WARN_NON_LITERAL_NULL_CONVERSION = YES;
				CLANG_WARN_OBJC_IMPLICIT_RETAIN_SELF = YES;
				CLANG_WARN_OBJC_LITERAL_CONVERSION = YES;
				CLANG_WARN_OBJC_ROOT_CLASS = YES_ERROR;
				CLANG_WARN_RANGE_LOOP_ANALYSIS = YES;
				CLANG_WARN_STRICT_PROTOTYPES = YES;
				CLANG_WARN_SUSPICIOUS_MOVE = YES;
				CLANG_WARN_UNGUARDED_AVAILABILITY = YES_AGGRESSIVE;
				CLANG_WARN_UNREACHABLE_CODE = YES;
				CLANG_WARN__DUPLICATE_METHOD_MATCH = YES;
				CODE_SIGN_IDENTITY = "-";
				COPY_PHASE_STRIP = NO;
				DEBUG_INFORMATION_FORMAT = dwarf;
				ENABLE_STRICT_OBJC_MSGSEND = YES;
				ENABLE_TESTABILITY = YES;
				GCC_C_LANGUAGE_STANDARD = gnu11;
				GCC_DYNAMIC_NO_PIC = NO;
				GCC_NO_COMMON_BLOCKS = YES;
				GCC_OPTIMIZATION_LEVEL = 0;
				GCC_PREPROCESSOR_DEFINITIONS = (
					"DEBUG=1",
					"$(inherited)",
				);
				GCC_WARN_64_TO_32_BIT_CONVERSION = YES;
				GCC_WARN_ABOUT_RETURN_TYPE = YES_ERROR;
				GCC_WARN_UNDECLARED_SELECTOR = YES;
				GCC_WARN_UNINITIALIZED_AUTOS = YES_AGGRESSIVE;
				GCC_WARN_UNUSED_FUNCTION = YES;
				GCC_WARN_UNUSED_VARIABLE = YES;
				MACOSX_DEPLOYMENT_TARGET = 10.14;
				MTL_ENABLE_DEBUG_INFO = INCLUDE_SOURCE;
				MTL_FAST_MATH = YES;
				ONLY_ACTIVE_ARCH = YES;
				SDKROOT = macosx;
			};
			name = Debug;
		};
		B78CED2421FAA09E00811586 /* Release */ = {
			isa = XCBuildConfiguration;
			buildSettings = {
				ALWAYS_SEARCH_USER_PATHS = NO;
				CLANG_ANALYZER_NONNULL = YES;
				CLANG_ANALYZER_NUMBER_OBJECT_CONVERSION = YES_AGGRESSIVE;
				CLANG_CXX_LANGUAGE_STANDARD = "gnu++14";
				CLANG_CXX_LIBRARY = "libc++";
				CLANG_ENABLE_MODULES = YES;
				CLANG_ENABLE_OBJC_ARC = YES;
				CLANG_ENABLE_OBJC_WEAK = YES;
				CLANG_WARN_BLOCK_CAPTURE_AUTORELEASING = YES;
				CLANG_WARN_BOOL_CONVERSION = YES;
				CLANG_WARN_COMMA = YES;
				CLANG_WARN_CONSTANT_CONVERSION = YES;
				CLANG_WARN_DEPRECATED_OBJC_IMPLEMENTATIONS = YES;
				CLANG_WARN_DIRECT_OBJC_ISA_USAGE = YES_ERROR;
				CLANG_WARN_DOCUMENTATION_COMMENTS = YES;
				CLANG_WARN_EMPTY_BODY = YES;
				CLANG_WARN_ENUM_CONVERSION = YES;
				CLANG_WARN_INFINITE_RECURSION = YES;
				CLANG_WARN_INT_CONVERSION = YES;
				CLANG_WARN_NON_LITERAL_NULL_CONVERSION = YES;
				CLANG_WARN_OBJC_IMPLICIT_RETAIN_SELF = YES;
				CLANG_WARN_OBJC_LITERAL_CONVERSION = YES;
				CLANG_WARN_OBJC_ROOT_CLASS = YES_ERROR;
				CLANG_WARN_RANGE_LOOP_ANALYSIS = YES;
				CLANG_WARN_STRICT_PROTOTYPES = YES;
				CLANG_WARN_SUSPICIOUS_MOVE = YES;
				CLANG_WARN_UNGUARDED_AVAILABILITY = YES_AGGRESSIVE;
				CLANG_WARN_UNREACHABLE_CODE = YES;
				CLANG_WARN__DUPLICATE_METHOD_MATCH = YES;
				CODE_SIGN_IDENTITY = "-";
				COPY_PHASE_STRIP = NO;
				DEBUG_INFORMATION_FORMAT = "dwarf-with-dsym";
				ENABLE_NS_ASSERTIONS = NO;
				ENABLE_STRICT_OBJC_MSGSEND = YES;
				GCC_C_LANGUAGE_STANDARD = gnu11;
				GCC_NO_COMMON_BLOCKS = YES;
				GCC_WARN_64_TO_32_BIT_CONVERSION = YES;
				GCC_WARN_ABOUT_RETURN_TYPE = YES_ERROR;
				GCC_WARN_UNDECLARED_SELECTOR = YES;
				GCC_WARN_UNINITIALIZED_AUTOS = YES_AGGRESSIVE;
				GCC_WARN_UNUSED_FUNCTION = YES;
				GCC_WARN_UNUSED_VARIABLE = YES;
				MACOSX_DEPLOYMENT_TARGET = 10.14;
				MTL_ENABLE_DEBUG_INFO = NO;
				MTL_FAST_MATH = YES;
				SDKROOT = macosx;
			};
			name = Release;
		};
		B78CED2621FAA09E00811586 /* Debug */ = {
			isa = XCBuildConfiguration;
			buildSettings = {
				CODE_SIGN_STYLE = Automatic;
				PRODUCT_NAME = "$(TARGET_NAME)";
				PROVISIONING_PROFILE_SPECIFIER = "";
			};
			name = Debug;
		};
		B78CED2721FAA09E00811586 /* Release */ = {
			isa = XCBuildConfiguration;
			buildSettings = {
				CODE_SIGN_STYLE = Automatic;
				PRODUCT_NAME = "$(TARGET_NAME)";
				PROVISIONING_PROFILE_SPECIFIER = "";
			};
			name = Release;
		};
/* End XCBuildConfiguration section */

/* Begin XCConfigurationList section */
		B78CED1921FAA09E00811586 /* Build configuration list for PBXProject "CJMix" */ = {
			isa = XCConfigurationList;
			buildConfigurations = (
				B78CED2321FAA09E00811586 /* Debug */,
				B78CED2421FAA09E00811586 /* Release */,
			);
			defaultConfigurationIsVisible = 0;
			defaultConfigurationName = Release;
		};
		B78CED2521FAA09E00811586 /* Build configuration list for PBXNativeTarget "CJMix" */ = {
			isa = XCConfigurationList;
			buildConfigurations = (
				B78CED2621FAA09E00811586 /* Debug */,
				B78CED2721FAA09E00811586 /* Release */,
			);
			defaultConfigurationIsVisible = 0;
			defaultConfigurationName = Release;
		};
/* End XCConfigurationList section */
	};
	rootObject = B78CED1621FAA09E00811586 /* Project object */;
}
